{
  "lockfileVersion": 1,
  "configVersion": 1,
  "workspaces": {
    "": {
      "name": "sprentor",
      "dependencies": {
        "@mtcute/bun": "^0.27.8",
        "@mtcute/dispatcher": "^0.27.8",
        "nanoid": "^5.1.6",
        "rxjs": "^7.8.2",
      },
      "devDependencies": {
        "@types/bun": "latest",
      },
      "peerDependencies": {
        "typescript": "^5",
      },
    },
  },
  "packages": {
    "@fuman/bun": ["@fuman/bun@0.0.19", "", { "dependencies": { "@fuman/io": "^0.0.19", "@fuman/net": "^0.0.19", "@fuman/utils": "^0.0.19" } }, "sha512-Q9SV77a9cEzx7FI3DalwOFktN1eHkby4yiJoS7cw0HWg7xLZ5lGBJPcyn19R8qc9JhpcByNbKocmrSC4/WbCeQ=="],

    "@fuman/io": ["@fuman/io@0.0.19", "", { "dependencies": { "@fuman/utils": "^0.0.19" } }, "sha512-B+2n3GVa9PCYMJ9xfsdXUlUV9yXO4gKLYfxm815PeJ+MGOw5TbEp166drRmBq1AtxVnP0efy6Oz9rYpKVODgow=="],

    "@fuman/net": ["@fuman/net@0.0.19", "", { "dependencies": { "@fuman/io": "^0.0.19", "@fuman/utils": "^0.0.19" } }, "sha512-yISM+JcZEWBpBYn0v2mUY/Zst4SsicTRaVTvRkVhMiZhgMzdXalfvRwRV/vsgwwL31bntwowCTDW4iilCJLbXg=="],

    "@fuman/utils": ["@fuman/utils@0.0.19", "", {}, "sha512-4qVrZ9AjKYztLJsNr1Tp7kL48b22dvVLN1iVW+Me8ZSQ0ILN0qknoxjsczVPReF7+GDWgknNxR2l6ggrA4SZyw=="],

    "@mtcute/bun": ["@mtcute/bun@0.27.8", "", { "dependencies": { "@fuman/bun": "0.0.19", "@fuman/io": "0.0.19", "@fuman/net": "0.0.19", "@fuman/utils": "0.0.19", "@mtcute/core": "^0.27.8", "@mtcute/html-parser": "^0.27.8", "@mtcute/markdown-parser": "^0.27.8", "@mtcute/wasm": "^0.27.8" } }, "sha512-UlgLQafTSP4ZmPWO/olu6lW8ZLsyG0q3cAvHiiO/mbgj8E0UHUbm1cCe7or3I6DLBMe82Zwj5AVu+pQAHghbhw=="],

    "@mtcute/core": ["@mtcute/core@0.27.8", "", { "dependencies": { "@fuman/io": "0.0.19", "@fuman/net": "0.0.19", "@fuman/utils": "0.0.19", "@mtcute/file-id": "^0.27.8", "@mtcute/tl": "^221.0.0", "@mtcute/tl-runtime": "^0.24.3", "@types/events": "3.0.0", "long": "5.2.3" } }, "sha512-6AxdbDc6IpilSIUfkg7TT6acdTEcECpbh/V2ePiRqAd2ZEGaeKGfuthRyn1qsLn7zNHbR4E+47xPswlo74xvKw=="],

    "@mtcute/dispatcher": ["@mtcute/dispatcher@0.27.8", "", { "dependencies": { "@fuman/utils": "0.0.19", "@mtcute/core": "^0.27.8" } }, "sha512-BALZoyhuVb7nTx0SsoTXaJF+n/kzv7W3+2uKgCh0Y2Mf2muT5q5yaiB80rxoSywXyOHGKNq3aVWncNeuqlRq0w=="],

    "@mtcute/file-id": ["@mtcute/file-id@0.27.8", "", { "dependencies": { "@fuman/utils": "0.0.19", "@mtcute/tl-runtime": "^0.24.3", "long": "5.2.3" } }, "sha512-clwuBxVZKCSv65HMjxCx0zSnaZypAeNFy0pmnA0Uhvb9zvvB8lbd9Ig2BPieUkk/BbI+z8KZa0jvWOVe929Egw=="],

    "@mtcute/html-parser": ["@mtcute/html-parser@0.27.8", "", { "dependencies": { "@mtcute/core": "^0.27.8", "htmlparser2": "^10.0.0", "long": "5.2.3" } }, "sha512-IaUhuopiSKUwuQOx7aZ/FNu4YZBJyrhuXH5wQFD2m6e9UH3B+FwsNF6dZYxScDErJH5ViL9MblnKOSMJ79YiqA=="],

    "@mtcute/markdown-parser": ["@mtcute/markdown-parser@0.27.8", "", { "dependencies": { "@mtcute/core": "^0.27.8", "long": "5.2.3" } }, "sha512-6dpZ8LR/Qw3Xxh1HiRvSIpvn2PZXt3OKNVauKEqHRCg4t8lkjJgM84j8H672kq8EMLIiy5OxRUw3tvE/KHRncg=="],

    "@mtcute/tl": ["@mtcute/tl@221.0.0", "", { "dependencies": { "long": "5.2.3" } }, "sha512-Wp01L9nznTMLl2s9rbKnzQ8pij72eF4HK2XIziOQoJXiObPKZxQdxvMj+C6l0ArxMFmpT0H0/3EL5RB7O6VPwg=="],

    "@mtcute/tl-runtime": ["@mtcute/tl-runtime@0.24.3", "", { "dependencies": { "@fuman/utils": "0.0.15", "long": "5.2.3" } }, "sha512-61J3cgYgNOQT532GdIiuezRrSC7v6cc9MfvWv9GO27bRGf7JUKWVbFt4U0KzQ9Tp0J1uMOUfi1EbQKkYKacIKQ=="],

    "@mtcute/wasm": ["@mtcute/wasm@0.27.8", "", {}, "sha512-3z1v1WtkAAW95l5t8LB3Ul+Y8dQNMez5YF16cHE3mAHX5RRrfgE+rgVk+wRQJHa24CugfuEEBSi6QpdZuTRBIw=="],

    "@types/bun": ["@types/bun@1.3.6", "", { "dependencies": { "bun-types": "1.3.6" } }, "sha512-uWCv6FO/8LcpREhenN1d1b6fcspAB+cefwD7uti8C8VffIv0Um08TKMn98FynpTiU38+y2dUO55T11NgDt8VAA=="],

    "@types/events": ["@types/events@3.0.0", "", {}, "sha512-EaObqwIvayI5a8dCzhFrjKzVwKLxjoG9T6Ppd5CEo07LRKfQ8Yokw54r5+Wq7FaBQ+yXRvQAYPrHwya1/UFt9g=="],

    "@types/node": ["@types/node@25.0.10", "", { "dependencies": { "undici-types": "~7.16.0" } }, "sha512-zWW5KPngR/yvakJgGOmZ5vTBemDoSqF3AcV/LrO5u5wTWyEAVVh+IT39G4gtyAkh3CtTZs8aX/yRM82OfzHJRg=="],

    "bun-types": ["bun-types@1.3.6", "", { "dependencies": { "@types/node": "*" } }, "sha512-OlFwHcnNV99r//9v5IIOgQ9Uk37gZqrNMCcqEaExdkVq3Avwqok1bJFmvGMCkCE0FqzdY8VMOZpfpR3lwI+CsQ=="],

    "dom-serializer": ["dom-serializer@2.0.0", "", { "dependencies": { "domelementtype": "^2.3.0", "domhandler": "^5.0.2", "entities": "^4.2.0" } }, "sha512-wIkAryiqt/nV5EQKqQpo3SToSOV9J0DnbJqwK7Wv/Trc92zIAYZ4FlMu+JPFW1DfGFt81ZTCGgDEabffXeLyJg=="],

    "domelementtype": ["domelementtype@2.3.0", "", {}, "sha512-OLETBj6w0OsagBwdXnPdN0cnMfF9opN69co+7ZrbfPGrdpPVNBUj02spi6B1N7wChLQiPn4CSH/zJvXw56gmHw=="],

    "domhandler": ["domhandler@5.0.3", "", { "dependencies": { "domelementtype": "^2.3.0" } }, "sha512-cgwlv/1iFQiFnU96XXgROh8xTeetsnJiDsTc7TYCLFd9+/WNkIqPTxiM/8pSd8VIrhXGTf1Ny1q1hquVqDJB5w=="],

    "domutils": ["domutils@3.2.2", "", { "dependencies": { "dom-serializer": "^2.0.0", "domelementtype": "^2.3.0", "domhandler": "^5.0.3" } }, "sha512-6kZKyUajlDuqlHKVX1w7gyslj9MPIXzIFiz/rGu35uC1wMi+kMhQwGhl4lt9unC9Vb9INnY9Z3/ZA3+FhASLaw=="],

    "entities": ["entities@7.0.1", "", {}, "sha512-TWrgLOFUQTH994YUyl1yT4uyavY5nNB5muff+RtWaqNVCAK408b5ZnnbNAUEWLTCpum9w6arT70i1XdQ4UeOPA=="],

    "htmlparser2": ["htmlparser2@10.1.0", "", { "dependencies": { "domelementtype": "^2.3.0", "domhandler": "^5.0.3", "domutils": "^3.2.2", "entities": "^7.0.1" } }, "sha512-VTZkM9GWRAtEpveh7MSF6SjjrpNVNNVJfFup7xTY3UpFtm67foy9HDVXneLtFVt4pMz5kZtgNcvCniNFb1hlEQ=="],

    "long": ["long@5.2.3", "", {}, "sha512-lcHwpNoggQTObv5apGNCTdJrO69eHOZMi4BNC+rTLER8iHAqGrUVeLh/irVIM7zTw2bOXA8T6uNPeujwOLg/2Q=="],

    "nanoid": ["nanoid@5.1.6", "", { "bin": { "nanoid": "bin/nanoid.js" } }, "sha512-c7+7RQ+dMB5dPwwCp4ee1/iV/q2P6aK1mTZcfr1BTuVlyW9hJYiMPybJCcnBlQtuSmTIWNeazm/zqNoZSSElBg=="],

    "rxjs": ["rxjs@7.8.2", "", { "dependencies": { "tslib": "^2.1.0" } }, "sha512-dhKf903U/PQZY6boNNtAGdWbG85WAbjT/1xYoZIC7FAY0yWapOBQVsVrDl58W86//e1VpMNBtRV4MaXfdMySFA=="],

    "tslib": ["tslib@2.8.1", "", {}, "sha512-oJFu94HQb+KVduSUQL7wnpmqnfmLsOA/nAh6b6EH0wCEoK0/mPeXU6c3wKDV83MkOuHPRHtSXKKU99IBazS/2w=="],

    "typescript": ["typescript@5.9.3", "", { "bin": { "tsc": "bin/tsc", "tsserver": "bin/tsserver" } }, "sha512-jl1vZzPDinLr9eUt3J/t7V6FgNEw9QjvBPdysz9KfQDD41fQrC2Y4vKQdiaUpFT4bXlb1RHhLpp8wtm6M5TgSw=="],

    "undici-types": ["undici-types@7.16.0", "", {}, "sha512-Zz+aZWSj8LE6zoxD+xrjh4VfkIG8Ya6LvYkZqtUQGJPZjYl53ypCaUwWqo7eI0x66KBGeRo+mlBEkMSeSZ38Nw=="],

    "@mtcute/tl-runtime/@fuman/utils": ["@fuman/utils@0.0.15", "", {}, "sha512-3H3WzkfG7iLKCa/yNV4s80lYD4yr5hgiNzU13ysLY2BcDqFjM08XGYuLd5wFVp4V8+DA/fe8gIDW96To/JwDyA=="],

    "dom-serializer/entities": ["entities@4.5.0", "", {}, "sha512-V0hjH4dGPh9Ao5p0MoRY6BVqtwCjhz6vI5LT8AJ55H+4g9/4vbHx1I54fS0XuclLhDHArPQCiMjDxjaL8fPxhw=="],
  }
}
